// !$*UTF8*$!
{
	archiveVersion = 1;
	classes = {
	};
	objectVersion = 51;
	objects = {

/* Begin PBXBuildFile section */
		1E90E1AAD14B5C6890D1B02E /* Interactor.swift in Sources */ = {isa = PBXBuildFile; fileRef = 1E90EFF004C86616CE5DC1AC /* Interactor.swift */; };
		1E90E2F4546F95472DF94D5B /* AudioRelay.swift in Sources */ = {isa = PBXBuildFile; fileRef = 1E90E35FDF0B0DA0B7EA9A60 /* AudioRelay.swift */; };
		1E90E34D21B2EE7548066764 /* Coordinator.swift in Sources */ = {isa = PBXBuildFile; fileRef = 1E90ECD5778FFEC47E0CD2EF /* Coordinator.swift */; };
		1E90E3BBF263747C1C1140A8 /* View.swift in Sources */ = {isa = PBXBuildFile; fileRef = 1E90E442DE17E0A0B3F8B051 /* View.swift */; };
		1E90E3ECAF1EE963E9EEAB38 /* OPAEphemeralAudioSession.m in Sources */ = {isa = PBXBuildFile; fileRef = 1E90E0B1F0CEA943987BFB45 /* OPAEphemeralAudioSession.m */; };
		1E90E46EFDA4026614BAA49C /* OPAWAVBuilder.m in Sources */ = {isa = PBXBuildFile; fileRef = 1E90ECA965E1960B17659A46 /* OPAWAVBuilder.m */; };
		1E90E59DBAE76A050F2A51F8 /* State.swift in Sources */ = {isa = PBXBuildFile; fileRef = 1E90E3976B1A51343333D0A6 /* State.swift */; };
		1E90E63E2C324E5D0B118B24 /* OPAOpus.m in Sources */ = {isa = PBXBuildFile; fileRef = 1E90E27BC52A75308F429F15 /* OPAOpus.m */; };
		1E90E699D8E601267A7CB987 /* OPAOpusEncoder.m in Sources */ = {isa = PBXBuildFile; fileRef = 1E90E95AC070051F24DDE5E0 /* OPAOpusEncoder.m */; };
		1E90E6B635C5C309E2E8046E /* OPAOpusDecoder.m in Sources */ = {isa = PBXBuildFile; fileRef = 1E90E24BB0CDBEEBED9287F2 /* OPAOpusDecoder.m */; };
		1E90EEB85116090D9A63A972 /* Window.swift in Sources */ = {isa = PBXBuildFile; fileRef = 1E90EBEF0DC4F1DA77F72B7F /* Window.swift */; };
		1E90EEFFB7F976CA5DA08263 /* ViewController.swift in Sources */ = {isa = PBXBuildFile; fileRef = 1E90ED39BF35BC200B7B3142 /* ViewController.swift */; };
		27E400BB26D668E500C3226C /* AppDelegate.swift in Sources */ = {isa = PBXBuildFile; fileRef = 27E400BA26D668E500C3226C /* AppDelegate.swift */; };
		27E400BD26D668E500C3226C /* SceneDelegate.swift in Sources */ = {isa = PBXBuildFile; fileRef = 27E400BC26D668E500C3226C /* SceneDelegate.swift */; };
		27E400C426D668E800C3226C /* Assets.xcassets in Resources */ = {isa = PBXBuildFile; fileRef = 27E400C326D668E800C3226C /* Assets.xcassets */; };
		27E400C726D668E800C3226C /* LaunchScreen.storyboard in Resources */ = {isa = PBXBuildFile; fileRef = 27E400C526D668E800C3226C /* LaunchScreen.storyboard */; };
		27E400D226D668E800C3226C /* OpusAudioTests.swift in Sources */ = {isa = PBXBuildFile; fileRef = 27E400D126D668E800C3226C /* OpusAudioTests.swift */; };
		27E400DD26D668E800C3226C /* OpusAudioUITests.swift in Sources */ = {isa = PBXBuildFile; fileRef = 27E400DC26D668E800C3226C /* OpusAudioUITests.swift */; };
		52A7DD890D19F44D9A5D92A3 /* Pods_OpusAudio_OpusAudioUITests.framework in Frameworks */ = {isa = PBXBuildFile; fileRef = 8048961AAAF8EFC6F48F2AA9 /* Pods_OpusAudio_OpusAudioUITests.framework */; };
		AA2E68250F4DAE18063E58F0 /* Pods_OpusAudioTests.framework in Frameworks */ = {isa = PBXBuildFile; fileRef = 4551C4B81B7FCE87E7BBE48E /* Pods_OpusAudioTests.framework */; };
		C05C5D71F4002925CED96136 /* Pods_OpusAudio.framework in Frameworks */ = {isa = PBXBuildFile; fileRef = E3D1C183A6A7671860957270 /* Pods_OpusAudio.framework */; };
/* End PBXBuildFile section */

/* Begin PBXContainerItemProxy section */
		27E400CE26D668E800C3226C /* PBXContainerItemProxy */ = {
			isa = PBXContainerItemProxy;
			containerPortal = 27E400AF26D668E500C3226C /* Project object */;
			proxyType = 1;
			remoteGlobalIDString = 27E400B626D668E500C3226C;
			remoteInfo = OpusAudio;
		};
		27E400D926D668E800C3226C /* PBXContainerItemProxy */ = {
			isa = PBXContainerItemProxy;
			containerPortal = 27E400AF26D668E500C3226C /* Project object */;
			proxyType = 1;
			remoteGlobalIDString = 27E400B626D668E500C3226C;
			remoteInfo = OpusAudio;
		};
/* End PBXContainerItemProxy section */

/* Begin PBXFileReference section */
		1E90E0B1F0CEA943987BFB45 /* OPAEphemeralAudioSession.m */ = {isa = PBXFileReference; fileEncoding = 4; lastKnownFileType = sourcecode.c.objc; path = OPAEphemeralAudioSession.m; sourceTree = "<group>"; };
		1E90E1286950B32FB10BC75E /* OPAOpusDecoder.h */ = {isa = PBXFileReference; fileEncoding = 4; lastKnownFileType = sourcecode.c.h; path = OPAOpusDecoder.h; sourceTree = "<group>"; };
		1E90E212B328EB0EC4475EDB /* OPAOpusEncoder.h */ = {isa = PBXFileReference; fileEncoding = 4; lastKnownFileType = sourcecode.c.h; path = OPAOpusEncoder.h; sourceTree = "<group>"; };
		1E90E24BB0CDBEEBED9287F2 /* OPAOpusDecoder.m */ = {isa = PBXFileReference; fileEncoding = 4; lastKnownFileType = sourcecode.c.objc; path = OPAOpusDecoder.m; sourceTree = "<group>"; };
		1E90E27BC52A75308F429F15 /* OPAOpus.m */ = {isa = PBXFileReference; fileEncoding = 4; lastKnownFileType = sourcecode.c.objc; path = OPAOpus.m; sourceTree = "<group>"; };
		1E90E35FDF0B0DA0B7EA9A60 /* AudioRelay.swift */ = {isa = PBXFileReference; fileEncoding = 4; lastKnownFileType = sourcecode.swift; path = AudioRelay.swift; sourceTree = "<group>"; };
		1E90E3976B1A51343333D0A6 /* State.swift */ = {isa = PBXFileReference; fileEncoding = 4; lastKnownFileType = sourcecode.swift; path = State.swift; sourceTree = "<group>"; };
		1E90E40CB4ABC14A0E2EC7FA /* OPAEphemeralAudioSession.h */ = {isa = PBXFileReference; fileEncoding = 4; lastKnownFileType = sourcecode.c.h; path = OPAEphemeralAudioSession.h; sourceTree = "<group>"; };
		1E90E442DE17E0A0B3F8B051 /* View.swift */ = {isa = PBXFileReference; fileEncoding = 4; lastKnownFileType = sourcecode.swift; path = View.swift; sourceTree = "<group>"; };
		1E90E947781B2B7388434152 /* OPAEncoder.h */ = {isa = PBXFileReference; fileEncoding = 4; lastKnownFileType = sourcecode.c.h; path = OPAEncoder.h; sourceTree = "<group>"; };
		1E90E95AC070051F24DDE5E0 /* OPAOpusEncoder.m */ = {isa = PBXFileReference; fileEncoding = 4; lastKnownFileType = sourcecode.c.objc; path = OPAOpusEncoder.m; sourceTree = "<group>"; };
		1E90EAB043A319FB2D14327C /* OPAOpus.h */ = {isa = PBXFileReference; fileEncoding = 4; lastKnownFileType = sourcecode.c.h; path = OPAOpus.h; sourceTree = "<group>"; };
		1E90EBEF0DC4F1DA77F72B7F /* Window.swift */ = {isa = PBXFileReference; fileEncoding = 4; lastKnownFileType = sourcecode.swift; path = Window.swift; sourceTree = "<group>"; };
		1E90ECA965E1960B17659A46 /* OPAWAVBuilder.m */ = {isa = PBXFileReference; fileEncoding = 4; lastKnownFileType = sourcecode.c.objc; path = OPAWAVBuilder.m; sourceTree = "<group>"; };
		1E90ECD5778FFEC47E0CD2EF /* Coordinator.swift */ = {isa = PBXFileReference; fileEncoding = 4; lastKnownFileType = sourcecode.swift; path = Coordinator.swift; sourceTree = "<group>"; };
		1E90ED39BF35BC200B7B3142 /* ViewController.swift */ = {isa = PBXFileReference; fileEncoding = 4; lastKnownFileType = sourcecode.swift; path = ViewController.swift; sourceTree = "<group>"; };
		1E90EE420820B5FCF322A261 /* OPAWAVBuilder.h */ = {isa = PBXFileReference; fileEncoding = 4; lastKnownFileType = sourcecode.c.h; path = OPAWAVBuilder.h; sourceTree = "<group>"; };
		1E90EFF004C86616CE5DC1AC /* Interactor.swift */ = {isa = PBXFileReference; fileEncoding = 4; lastKnownFileType = sourcecode.swift; path = Interactor.swift; sourceTree = "<group>"; };
		24A3777A9B9251CC01BE811E /* Pods-OpusAudioTests.release.xcconfig */ = {isa = PBXFileReference; includeInIndex = 1; lastKnownFileType = text.xcconfig; name = "Pods-OpusAudioTests.release.xcconfig"; path = "Target Support Files/Pods-OpusAudioTests/Pods-OpusAudioTests.release.xcconfig"; sourceTree = "<group>"; };
		27E400B726D668E500C3226C /* OpusAudio.app */ = {isa = PBXFileReference; explicitFileType = wrapper.application; includeInIndex = 0; path = OpusAudio.app; sourceTree = BUILT_PRODUCTS_DIR; };
		27E400BA26D668E500C3226C /* AppDelegate.swift */ = {isa = PBXFileReference; lastKnownFileType = sourcecode.swift; path = AppDelegate.swift; sourceTree = "<group>"; };
		27E400BC26D668E500C3226C /* SceneDelegate.swift */ = {isa = PBXFileReference; lastKnownFileType = sourcecode.swift; path = SceneDelegate.swift; sourceTree = "<group>"; };
		27E400C326D668E800C3226C /* Assets.xcassets */ = {isa = PBXFileReference; lastKnownFileType = folder.assetcatalog; path = Assets.xcassets; sourceTree = "<group>"; };
		27E400C626D668E800C3226C /* Base */ = {isa = PBXFileReference; lastKnownFileType = file.storyboard; name = Base; path = Base.lproj/LaunchScreen.storyboard; sourceTree = "<group>"; };
		27E400C826D668E800C3226C /* Info.plist */ = {isa = PBXFileReference; lastKnownFileType = text.plist.xml; path = Info.plist; sourceTree = "<group>"; };
		27E400CD26D668E800C3226C /* OpusAudioTests.xctest */ = {isa = PBXFileReference; explicitFileType = wrapper.cfbundle; includeInIndex = 0; path = OpusAudioTests.xctest; sourceTree = BUILT_PRODUCTS_DIR; };
		27E400D126D668E800C3226C /* OpusAudioTests.swift */ = {isa = PBXFileReference; lastKnownFileType = sourcecode.swift; path = OpusAudioTests.swift; sourceTree = "<group>"; };
		27E400D326D668E800C3226C /* Info.plist */ = {isa = PBXFileReference; lastKnownFileType = text.plist.xml; path = Info.plist; sourceTree = "<group>"; };
		27E400D826D668E800C3226C /* OpusAudioUITests.xctest */ = {isa = PBXFileReference; explicitFileType = wrapper.cfbundle; includeInIndex = 0; path = OpusAudioUITests.xctest; sourceTree = BUILT_PRODUCTS_DIR; };
		27E400DC26D668E800C3226C /* OpusAudioUITests.swift */ = {isa = PBXFileReference; lastKnownFileType = sourcecode.swift; path = OpusAudioUITests.swift; sourceTree = "<group>"; };
		27E400DE26D668E800C3226C /* Info.plist */ = {isa = PBXFileReference; lastKnownFileType = text.plist.xml; path = Info.plist; sourceTree = "<group>"; };
		27E400EA26D6727C00C3226C /* OpusAudio-Bridging-Header.h */ = {isa = PBXFileReference; lastKnownFileType = sourcecode.c.h; path = "OpusAudio-Bridging-Header.h"; sourceTree = "<group>"; };
		29558B611F8BDA413E45BA72 /* Pods-OpusAudio.debug.xcconfig */ = {isa = PBXFileReference; includeInIndex = 1; lastKnownFileType = text.xcconfig; name = "Pods-OpusAudio.debug.xcconfig"; path = "Target Support Files/Pods-OpusAudio/Pods-OpusAudio.debug.xcconfig"; sourceTree = "<group>"; };
		4551C4B81B7FCE87E7BBE48E /* Pods_OpusAudioTests.framework */ = {isa = PBXFileReference; explicitFileType = wrapper.framework; includeInIndex = 0; path = Pods_OpusAudioTests.framework; sourceTree = BUILT_PRODUCTS_DIR; };
		54D917DFD34656607A3EB29C /* Pods-OpusAudio-OpusAudioUITests.release.xcconfig */ = {isa = PBXFileReference; includeInIndex = 1; lastKnownFileType = text.xcconfig; name = "Pods-OpusAudio-OpusAudioUITests.release.xcconfig"; path = "Target Support Files/Pods-OpusAudio-OpusAudioUITests/Pods-OpusAudio-OpusAudioUITests.release.xcconfig"; sourceTree = "<group>"; };
		5A9DF888E78303B077B8DFF6 /* Pods-OpusAudio-OpusAudioUITests.debug.xcconfig */ = {isa = PBXFileReference; includeInIndex = 1; lastKnownFileType = text.xcconfig; name = "Pods-OpusAudio-OpusAudioUITests.debug.xcconfig"; path = "Target Support Files/Pods-OpusAudio-OpusAudioUITests/Pods-OpusAudio-OpusAudioUITests.debug.xcconfig"; sourceTree = "<group>"; };
		8048961AAAF8EFC6F48F2AA9 /* Pods_OpusAudio_OpusAudioUITests.framework */ = {isa = PBXFileReference; explicitFileType = wrapper.framework; includeInIndex = 0; path = Pods_OpusAudio_OpusAudioUITests.framework; sourceTree = BUILT_PRODUCTS_DIR; };
		923C5C915E228524DBBE9B5D /* Pods-OpusAudio.release.xcconfig */ = {isa = PBXFileReference; includeInIndex = 1; lastKnownFileType = text.xcconfig; name = "Pods-OpusAudio.release.xcconfig"; path = "Target Support Files/Pods-OpusAudio/Pods-OpusAudio.release.xcconfig"; sourceTree = "<group>"; };
		AC80902D9A8B57AC56F90AC2 /* Pods-OpusAudioTests.debug.xcconfig */ = {isa = PBXFileReference; includeInIndex = 1; lastKnownFileType = text.xcconfig; name = "Pods-OpusAudioTests.debug.xcconfig"; path = "Target Support Files/Pods-OpusAudioTests/Pods-OpusAudioTests.debug.xcconfig"; sourceTree = "<group>"; };
		E3D1C183A6A7671860957270 /* Pods_OpusAudio.framework */ = {isa = PBXFileReference; explicitFileType = wrapper.framework; includeInIndex = 0; path = Pods_OpusAudio.framework; sourceTree = BUILT_PRODUCTS_DIR; };
/* End PBXFileReference section */

/* Begin PBXFrameworksBuildPhase section */
		27E400B426D668E500C3226C /* Frameworks */ = {
			isa = PBXFrameworksBuildPhase;
			buildActionMask = 2147483647;
			files = (
				C05C5D71F4002925CED96136 /* Pods_OpusAudio.framework in Frameworks */,
			);
			runOnlyForDeploymentPostprocessing = 0;
		};
		27E400CA26D668E800C3226C /* Frameworks */ = {
			isa = PBXFrameworksBuildPhase;
			buildActionMask = 2147483647;
			files = (
				AA2E68250F4DAE18063E58F0 /* Pods_OpusAudioTests.framework in Frameworks */,
			);
			runOnlyForDeploymentPostprocessing = 0;
		};
		27E400D526D668E800C3226C /* Frameworks */ = {
			isa = PBXFrameworksBuildPhase;
			buildActionMask = 2147483647;
			files = (
				52A7DD890D19F44D9A5D92A3 /* Pods_OpusAudio_OpusAudioUITests.framework in Frameworks */,
			);
			runOnlyForDeploymentPostprocessing = 0;
		};
/* End PBXFrameworksBuildPhase section */

/* Begin PBXGroup section */
		0FB1E0975BCBF93646CE7B7A /* Pods */ = {
			isa = PBXGroup;
			children = (
				29558B611F8BDA413E45BA72 /* Pods-OpusAudio.debug.xcconfig */,
				923C5C915E228524DBBE9B5D /* Pods-OpusAudio.release.xcconfig */,
				5A9DF888E78303B077B8DFF6 /* Pods-OpusAudio-OpusAudioUITests.debug.xcconfig */,
				54D917DFD34656607A3EB29C /* Pods-OpusAudio-OpusAudioUITests.release.xcconfig */,
				AC80902D9A8B57AC56F90AC2 /* Pods-OpusAudioTests.debug.xcconfig */,
				24A3777A9B9251CC01BE811E /* Pods-OpusAudioTests.release.xcconfig */,
			);
			path = Pods;
			sourceTree = "<group>";
		};
		1E90E0A65E3B170D9EC7BAEE /* Opus */ = {
			isa = PBXGroup;
			children = (
				1E90EAB043A319FB2D14327C /* OPAOpus.h */,
				1E90E1286950B32FB10BC75E /* OPAOpusDecoder.h */,
				1E90E24BB0CDBEEBED9287F2 /* OPAOpusDecoder.m */,
				1E90E212B328EB0EC4475EDB /* OPAOpusEncoder.h */,
				1E90E95AC070051F24DDE5E0 /* OPAOpusEncoder.m */,
				1E90E27BC52A75308F429F15 /* OPAOpus.m */,
			);
			path = Opus;
			sourceTree = "<group>";
		};
		1E90E61B197A4BD67C79792E /* Root */ = {
			isa = PBXGroup;
			children = (
				1E90ECD5778FFEC47E0CD2EF /* Coordinator.swift */,
				1E90ED39BF35BC200B7B3142 /* ViewController.swift */,
				1E90E3976B1A51343333D0A6 /* State.swift */,
				1E90EFF004C86616CE5DC1AC /* Interactor.swift */,
			);
			path = Root;
			sourceTree = "<group>";
		};
		1E90EAB19A58C381367AF8B6 /* AudioTools */ = {
			isa = PBXGroup;
			children = (
				1E90E35FDF0B0DA0B7EA9A60 /* AudioRelay.swift */,
				1E90E40CB4ABC14A0E2EC7FA /* OPAEphemeralAudioSession.h */,
				1E90E0B1F0CEA943987BFB45 /* OPAEphemeralAudioSession.m */,
				1E90E947781B2B7388434152 /* OPAEncoder.h */,
				1E90EE420820B5FCF322A261 /* OPAWAVBuilder.h */,
				1E90ECA965E1960B17659A46 /* OPAWAVBuilder.m */,
			);
			path = AudioTools;
			sourceTree = "<group>";
		};
		1E90EF97E543AF5BD48ACE80 /* Aux Protocols */ = {
			isa = PBXGroup;
			children = (
				1E90E442DE17E0A0B3F8B051 /* View.swift */,
				1E90EBEF0DC4F1DA77F72B7F /* Window.swift */,
			);
			path = "Aux Protocols";
			sourceTree = "<group>";
		};
		27E400AE26D668E500C3226C = {
			isa = PBXGroup;
			children = (
				27E400B926D668E500C3226C /* OpusAudio */,
				27E400D026D668E800C3226C /* OpusAudioTests */,
				27E400DB26D668E800C3226C /* OpusAudioUITests */,
				27E400B826D668E500C3226C /* Products */,
				0FB1E0975BCBF93646CE7B7A /* Pods */,
				F8E2D113951BADB6C4437229 /* Frameworks */,
			);
			sourceTree = "<group>";
		};
		27E400B826D668E500C3226C /* Products */ = {
			isa = PBXGroup;
			children = (
				27E400B726D668E500C3226C /* OpusAudio.app */,
				27E400CD26D668E800C3226C /* OpusAudioTests.xctest */,
				27E400D826D668E800C3226C /* OpusAudioUITests.xctest */,
			);
			name = Products;
			sourceTree = "<group>";
		};
		27E400B926D668E500C3226C /* OpusAudio */ = {
			isa = PBXGroup;
			children = (
				1E90EF97E543AF5BD48ACE80 /* Aux Protocols */,
				27E400BA26D668E500C3226C /* AppDelegate.swift */,
				27E400C326D668E800C3226C /* Assets.xcassets */,
				27E400C826D668E800C3226C /* Info.plist */,
				27E400C526D668E800C3226C /* LaunchScreen.storyboard */,
				27E400EA26D6727C00C3226C /* OpusAudio-Bridging-Header.h */,
				27E400BC26D668E500C3226C /* SceneDelegate.swift */,
				1E90E61B197A4BD67C79792E /* Root */,
				1E90EAB19A58C381367AF8B6 /* AudioTools */,
				1E90E0A65E3B170D9EC7BAEE /* Opus */,
			);
			path = OpusAudio;
			sourceTree = "<group>";
		};
		27E400D026D668E800C3226C /* OpusAudioTests */ = {
			isa = PBXGroup;
			children = (
				27E400D126D668E800C3226C /* OpusAudioTests.swift */,
				27E400D326D668E800C3226C /* Info.plist */,
			);
			path = OpusAudioTests;
			sourceTree = "<group>";
		};
		27E400DB26D668E800C3226C /* OpusAudioUITests */ = {
			isa = PBXGroup;
			children = (
				27E400DC26D668E800C3226C /* OpusAudioUITests.swift */,
				27E400DE26D668E800C3226C /* Info.plist */,
			);
			path = OpusAudioUITests;
			sourceTree = "<group>";
		};
		F8E2D113951BADB6C4437229 /* Frameworks */ = {
			isa = PBXGroup;
			children = (
				E3D1C183A6A7671860957270 /* Pods_OpusAudio.framework */,
				8048961AAAF8EFC6F48F2AA9 /* Pods_OpusAudio_OpusAudioUITests.framework */,
				4551C4B81B7FCE87E7BBE48E /* Pods_OpusAudioTests.framework */,
			);
			name = Frameworks;
			sourceTree = "<group>";
		};
/* End PBXGroup section */

/* Begin PBXNativeTarget section */
		27E400B626D668E500C3226C /* OpusAudio */ = {
			isa = PBXNativeTarget;
			buildConfigurationList = 27E400E126D668E800C3226C /* Build configuration list for PBXNativeTarget "OpusAudio" */;
			buildPhases = (
				3F53607BD89D8AE44C8B032E /* [CP] Check Pods Manifest.lock */,
				27E400B326D668E500C3226C /* Sources */,
				27E400B426D668E500C3226C /* Frameworks */,
				27E400B526D668E500C3226C /* Resources */,
				639447D3B6A8796D7F2044B4 /* [CP] Embed Pods Frameworks */,
			);
			buildRules = (
			);
			dependencies = (
			);
			name = OpusAudio;
			productName = OpusAudio;
			productReference = 27E400B726D668E500C3226C /* OpusAudio.app */;
			productType = "com.apple.product-type.application";
		};
		27E400CC26D668E800C3226C /* OpusAudioTests */ = {
			isa = PBXNativeTarget;
			buildConfigurationList = 27E400E426D668E800C3226C /* Build configuration list for PBXNativeTarget "OpusAudioTests" */;
			buildPhases = (
				05CF911FD66A2A55C69FD7B4 /* [CP] Check Pods Manifest.lock */,
				27E400C926D668E800C3226C /* Sources */,
				27E400CA26D668E800C3226C /* Frameworks */,
				27E400CB26D668E800C3226C /* Resources */,
			);
			buildRules = (
			);
			dependencies = (
				27E400CF26D668E800C3226C /* PBXTargetDependency */,
			);
			name = OpusAudioTests;
			productName = OpusAudioTests;
			productReference = 27E400CD26D668E800C3226C /* OpusAudioTests.xctest */;
			productType = "com.apple.product-type.bundle.unit-test";
		};
		27E400D726D668E800C3226C /* OpusAudioUITests */ = {
			isa = PBXNativeTarget;
			buildConfigurationList = 27E400E726D668E800C3226C /* Build configuration list for PBXNativeTarget "OpusAudioUITests" */;
			buildPhases = (
				CBB6FAF65F099A823A3E7979 /* [CP] Check Pods Manifest.lock */,
				27E400D426D668E800C3226C /* Sources */,
				27E400D526D668E800C3226C /* Frameworks */,
				27E400D626D668E800C3226C /* Resources */,
				A872455A30631A31B9474EFD /* [CP] Embed Pods Frameworks */,
			);
			buildRules = (
			);
			dependencies = (
				27E400DA26D668E800C3226C /* PBXTargetDependency */,
			);
			name = OpusAudioUITests;
			productName = OpusAudioUITests;
			productReference = 27E400D826D668E800C3226C /* OpusAudioUITests.xctest */;
			productType = "com.apple.product-type.bundle.ui-testing";
		};
/* End PBXNativeTarget section */

/* Begin PBXProject section */
		27E400AF26D668E500C3226C /* Project object */ = {
			isa = PBXProject;
			attributes = {
				LastSwiftUpdateCheck = 1250;
				LastUpgradeCheck = 1250;
				TargetAttributes = {
					27E400B626D668E500C3226C = {
						CreatedOnToolsVersion = 12.5.1;
						LastSwiftMigration = 1250;
					};
					27E400CC26D668E800C3226C = {
						CreatedOnToolsVersion = 12.5.1;
						TestTargetID = 27E400B626D668E500C3226C;
					};
					27E400D726D668E800C3226C = {
						CreatedOnToolsVersion = 12.5.1;
						TestTargetID = 27E400B626D668E500C3226C;
					};
				};
			};
			buildConfigurationList = 27E400B226D668E500C3226C /* Build configuration list for PBXProject "OpusAudio" */;
			compatibilityVersion = "Xcode 9.3";
			developmentRegion = en;
			hasScannedForEncodings = 0;
			knownRegions = (
				en,
				Base,
			);
			mainGroup = 27E400AE26D668E500C3226C;
			productRefGroup = 27E400B826D668E500C3226C /* Products */;
			projectDirPath = "";
			projectRoot = "";
			targets = (
				27E400B626D668E500C3226C /* OpusAudio */,
				27E400CC26D668E800C3226C /* OpusAudioTests */,
				27E400D726D668E800C3226C /* OpusAudioUITests */,
			);
		};
/* End PBXProject section */

/* Begin PBXResourcesBuildPhase section */
		27E400B526D668E500C3226C /* Resources */ = {
			isa = PBXResourcesBuildPhase;
			buildActionMask = 2147483647;
			files = (
				27E400C726D668E800C3226C /* LaunchScreen.storyboard in Resources */,
				27E400C426D668E800C3226C /* Assets.xcassets in Resources */,
			);
			runOnlyForDeploymentPostprocessing = 0;
		};
		27E400CB26D668E800C3226C /* Resources */ = {
			isa = PBXResourcesBuildPhase;
			buildActionMask = 2147483647;
			files = (
			);
			runOnlyForDeploymentPostprocessing = 0;
		};
		27E400D626D668E800C3226C /* Resources */ = {
			isa = PBXResourcesBuildPhase;
			buildActionMask = 2147483647;
			files = (
			);
			runOnlyForDeploymentPostprocessing = 0;
		};
/* End PBXResourcesBuildPhase section */

/* Begin PBXShellScriptBuildPhase section */
		05CF911FD66A2A55C69FD7B4 /* [CP] Check Pods Manifest.lock */ = {
			isa = PBXShellScriptBuildPhase;
			buildActionMask = 2147483647;
			files = (
			);
			inputFileListPaths = (
			);
			inputPaths = (
				"${PODS_PODFILE_DIR_PATH}/Podfile.lock",
				"${PODS_ROOT}/Manifest.lock",
			);
			name = "[CP] Check Pods Manifest.lock";
			outputFileListPaths = (
			);
			outputPaths = (
				"$(DERIVED_FILE_DIR)/Pods-OpusAudioTests-checkManifestLockResult.txt",
			);
			runOnlyForDeploymentPostprocessing = 0;
			shellPath = /bin/sh;
			shellScript = "diff \"${PODS_PODFILE_DIR_PATH}/Podfile.lock\" \"${PODS_ROOT}/Manifest.lock\" > /dev/null\nif [ $? != 0 ] ; then\n    # print error to STDERR\n    echo \"error: The sandbox is not in sync with the Podfile.lock. Run 'pod install' or update your CocoaPods installation.\" >&2\n    exit 1\nfi\n# This output is used by Xcode 'outputs' to avoid re-running this script phase.\necho \"SUCCESS\" > \"${SCRIPT_OUTPUT_FILE_0}\"\n";
			showEnvVarsInLog = 0;
		};
		3F53607BD89D8AE44C8B032E /* [CP] Check Pods Manifest.lock */ = {
			isa = PBXShellScriptBuildPhase;
			buildActionMask = 2147483647;
			files = (
			);
			inputFileListPaths = (
			);
			inputPaths = (
				"${PODS_PODFILE_DIR_PATH}/Podfile.lock",
				"${PODS_ROOT}/Manifest.lock",
			);
			name = "[CP] Check Pods Manifest.lock";
			outputFileListPaths = (
			);
			outputPaths = (
				"$(DERIVED_FILE_DIR)/Pods-OpusAudio-checkManifestLockResult.txt",
			);
			runOnlyForDeploymentPostprocessing = 0;
			shellPath = /bin/sh;
			shellScript = "diff \"${PODS_PODFILE_DIR_PATH}/Podfile.lock\" \"${PODS_ROOT}/Manifest.lock\" > /dev/null\nif [ $? != 0 ] ; then\n    # print error to STDERR\n    echo \"error: The sandbox is not in sync with the Podfile.lock. Run 'pod install' or update your CocoaPods installation.\" >&2\n    exit 1\nfi\n# This output is used by Xcode 'outputs' to avoid re-running this script phase.\necho \"SUCCESS\" > \"${SCRIPT_OUTPUT_FILE_0}\"\n";
			showEnvVarsInLog = 0;
		};
		639447D3B6A8796D7F2044B4 /* [CP] Embed Pods Frameworks */ = {
			isa = PBXShellScriptBuildPhase;
			buildActionMask = 2147483647;
			files = (
			);
			inputFileListPaths = (
				"${PODS_ROOT}/Target Support Files/Pods-OpusAudio/Pods-OpusAudio-frameworks-${CONFIGURATION}-input-files.xcfilelist",
			);
			name = "[CP] Embed Pods Frameworks";
			outputFileListPaths = (
				"${PODS_ROOT}/Target Support Files/Pods-OpusAudio/Pods-OpusAudio-frameworks-${CONFIGURATION}-output-files.xcfilelist",
			);
			runOnlyForDeploymentPostprocessing = 0;
			shellPath = /bin/sh;
			shellScript = "\"${PODS_ROOT}/Target Support Files/Pods-OpusAudio/Pods-OpusAudio-frameworks.sh\"\n";
			showEnvVarsInLog = 0;
		};
		A872455A30631A31B9474EFD /* [CP] Embed Pods Frameworks */ = {
			isa = PBXShellScriptBuildPhase;
			buildActionMask = 2147483647;
			files = (
			);
			inputFileListPaths = (
				"${PODS_ROOT}/Target Support Files/Pods-OpusAudio-OpusAudioUITests/Pods-OpusAudio-OpusAudioUITests-frameworks-${CONFIGURATION}-input-files.xcfilelist",
			);
			name = "[CP] Embed Pods Frameworks";
			outputFileListPaths = (
				"${PODS_ROOT}/Target Support Files/Pods-OpusAudio-OpusAudioUITests/Pods-OpusAudio-OpusAudioUITests-frameworks-${CONFIGURATION}-output-files.xcfilelist",
			);
			runOnlyForDeploymentPostprocessing = 0;
			shellPath = /bin/sh;
			shellScript = "\"${PODS_ROOT}/Target Support Files/Pods-OpusAudio-OpusAudioUITests/Pods-OpusAudio-OpusAudioUITests-frameworks.sh\"\n";
			showEnvVarsInLog = 0;
		};
		CBB6FAF65F099A823A3E7979 /* [CP] Check Pods Manifest.lock */ = {
			isa = PBXShellScriptBuildPhase;
			buildActionMask = 2147483647;
			files = (
			);
			inputFileListPaths = (
			);
			inputPaths = (
				"${PODS_PODFILE_DIR_PATH}/Podfile.lock",
				"${PODS_ROOT}/Manifest.lock",
			);
			name = "[CP] Check Pods Manifest.lock";
			outputFileListPaths = (
			);
			outputPaths = (
				"$(DERIVED_FILE_DIR)/Pods-OpusAudio-OpusAudioUITests-checkManifestLockResult.txt",
			);
			runOnlyForDeploymentPostprocessing = 0;
			shellPath = /bin/sh;
			shellScript = "diff \"${PODS_PODFILE_DIR_PATH}/Podfile.lock\" \"${PODS_ROOT}/Manifest.lock\" > /dev/null\nif [ $? != 0 ] ; then\n    # print error to STDERR\n    echo \"error: The sandbox is not in sync with the Podfile.lock. Run 'pod install' or update your CocoaPods installation.\" >&2\n    exit 1\nfi\n# This output is used by Xcode 'outputs' to avoid re-running this script phase.\necho \"SUCCESS\" > \"${SCRIPT_OUTPUT_FILE_0}\"\n";
			showEnvVarsInLog = 0;
		};
/* End PBXShellScriptBuildPhase section */

/* Begin PBXSourcesBuildPhase section */
		27E400B326D668E500C3226C /* Sources */ = {
			isa = PBXSourcesBuildPhase;
			buildActionMask = 2147483647;
			files = (
				27E400BB26D668E500C3226C /* AppDelegate.swift in Sources */,
				27E400BD26D668E500C3226C /* SceneDelegate.swift in Sources */,
				1E90E3BBF263747C1C1140A8 /* View.swift in Sources */,
				1E90EEB85116090D9A63A972 /* Window.swift in Sources */,
				1E90E34D21B2EE7548066764 /* Coordinator.swift in Sources */,
				1E90EEFFB7F976CA5DA08263 /* ViewController.swift in Sources */,
				1E90E59DBAE76A050F2A51F8 /* State.swift in Sources */,
				1E90E2F4546F95472DF94D5B /* AudioRelay.swift in Sources */,
				1E90E3ECAF1EE963E9EEAB38 /* OPAEphemeralAudioSession.m in Sources */,
				1E90E46EFDA4026614BAA49C /* OPAWAVBuilder.m in Sources */,
				1E90E6B635C5C309E2E8046E /* OPAOpusDecoder.m in Sources */,
				1E90E699D8E601267A7CB987 /* OPAOpusEncoder.m in Sources */,
				1E90E1AAD14B5C6890D1B02E /* Interactor.swift in Sources */,
				1E90E63E2C324E5D0B118B24 /* OPAOpus.m in Sources */,
			);
			runOnlyForDeploymentPostprocessing = 0;
		};
		27E400C926D668E800C3226C /* Sources */ = {
			isa = PBXSourcesBuildPhase;
			buildActionMask = 2147483647;
			files = (
				27E400D226D668E800C3226C /* OpusAudioTests.swift in Sources */,
			);
			runOnlyForDeploymentPostprocessing = 0;
		};
		27E400D426D668E800C3226C /* Sources */ = {
			isa = PBXSourcesBuildPhase;
			buildActionMask = 2147483647;
			files = (
				27E400DD26D668E800C3226C /* OpusAudioUITests.swift in Sources */,
			);
			runOnlyForDeploymentPostprocessing = 0;
		};
/* End PBXSourcesBuildPhase section */

/* Begin PBXTargetDependency section */
		27E400CF26D668E800C3226C /* PBXTargetDependency */ = {
			isa = PBXTargetDependency;
			target = 27E400B626D668E500C3226C /* OpusAudio */;
			targetProxy = 27E400CE26D668E800C3226C /* PBXContainerItemProxy */;
		};
		27E400DA26D668E800C3226C /* PBXTargetDependency */ = {
			isa = PBXTargetDependency;
			target = 27E400B626D668E500C3226C /* OpusAudio */;
			targetProxy = 27E400D926D668E800C3226C /* PBXContainerItemProxy */;
		};
/* End PBXTargetDependency section */

/* Begin PBXVariantGroup section */
		27E400C526D668E800C3226C /* LaunchScreen.storyboard */ = {
			isa = PBXVariantGroup;
			children = (
				27E400C626D668E800C3226C /* Base */,
			);
			name = LaunchScreen.storyboard;
			sourceTree = "<group>";
		};
/* End PBXVariantGroup section */

/* Begin XCBuildConfiguration section */
		27E400DF26D668E800C3226C /* Debug */ = {
			isa = XCBuildConfiguration;
			buildSettings = {
				ALWAYS_SEARCH_USER_PATHS = NO;
				CLANG_ANALYZER_NONNULL = YES;
				CLANG_ANALYZER_NUMBER_OBJECT_CONVERSION = YES_AGGRESSIVE;
				CLANG_CXX_LANGUAGE_STANDARD = "gnu++14";
				CLANG_CXX_LIBRARY = "libc++";
				CLANG_ENABLE_MODULES = YES;
				CLANG_ENABLE_OBJC_ARC = YES;
				CLANG_ENABLE_OBJC_WEAK = YES;
				CLANG_WARN_BLOCK_CAPTURE_AUTORELEASING = YES;
				CLANG_WARN_BOOL_CONVERSION = YES;
				CLANG_WARN_COMMA = YES;
				CLANG_WARN_CONSTANT_CONVERSION = YES;
				CLANG_WARN_DEPRECATED_OBJC_IMPLEMENTATIONS = YES;
				CLANG_WARN_DIRECT_OBJC_ISA_USAGE = YES_ERROR;
				CLANG_WARN_DOCUMENTATION_COMMENTS = YES;
				CLANG_WARN_EMPTY_BODY = YES;
				CLANG_WARN_ENUM_CONVERSION = YES;
				CLANG_WARN_INFINITE_RECURSION = YES;
				CLANG_WARN_INT_CONVERSION = YES;
				CLANG_WARN_NON_LITERAL_NULL_CONVERSION = YES;
				CLANG_WARN_OBJC_IMPLICIT_RETAIN_SELF = YES;
				CLANG_WARN_OBJC_LITERAL_CONVERSION = YES;
				CLANG_WARN_OBJC_ROOT_CLASS = YES_ERROR;
				CLANG_WARN_QUOTED_INCLUDE_IN_FRAMEWORK_HEADER = YES;
				CLANG_WARN_RANGE_LOOP_ANALYSIS = YES;
				CLANG_WARN_STRICT_PROTOTYPES = YES;
				CLANG_WARN_SUSPICIOUS_MOVE = YES;
				CLANG_WARN_UNGUARDED_AVAILABILITY = YES_AGGRESSIVE;
				CLANG_WARN_UNREACHABLE_CODE = YES;
				CLANG_WARN__DUPLICATE_METHOD_MATCH = YES;
				COPY_PHASE_STRIP = NO;
				DEBUG_INFORMATION_FORMAT = dwarf;
				ENABLE_STRICT_OBJC_MSGSEND = YES;
				ENABLE_TESTABILITY = YES;
				GCC_C_LANGUAGE_STANDARD = gnu11;
				GCC_DYNAMIC_NO_PIC = NO;
				GCC_NO_COMMON_BLOCKS = YES;
				GCC_OPTIMIZATION_LEVEL = 0;
				GCC_PREPROCESSOR_DEFINITIONS = (
					"DEBUG=1",
					"$(inherited)",
				);
				GCC_WARN_64_TO_32_BIT_CONVERSION = YES;
				GCC_WARN_ABOUT_RETURN_TYPE = YES_ERROR;
				GCC_WARN_UNDECLARED_SELECTOR = YES;
				GCC_WARN_UNINITIALIZED_AUTOS = YES_AGGRESSIVE;
				GCC_WARN_UNUSED_FUNCTION = YES;
				GCC_WARN_UNUSED_VARIABLE = YES;
				IPHONEOS_DEPLOYMENT_TARGET = 14.5;
				MTL_ENABLE_DEBUG_INFO = INCLUDE_SOURCE;
				MTL_FAST_MATH = YES;
				ONLY_ACTIVE_ARCH = YES;
				SDKROOT = iphoneos;
				SWIFT_ACTIVE_COMPILATION_CONDITIONS = DEBUG;
				SWIFT_OPTIMIZATION_LEVEL = "-Onone";
			};
			name = Debug;
		};
		27E400E026D668E800C3226C /* Release */ = {
			isa = XCBuildConfiguration;
			buildSettings = {
				ALWAYS_SEARCH_USER_PATHS = NO;
				CLANG_ANALYZER_NONNULL = YES;
				CLANG_ANALYZER_NUMBER_OBJECT_CONVERSION = YES_AGGRESSIVE;
				CLANG_CXX_LANGUAGE_STANDARD = "gnu++14";
				CLANG_CXX_LIBRARY = "libc++";
				CLANG_ENABLE_MODULES = YES;
				CLANG_ENABLE_OBJC_ARC = YES;
				CLANG_ENABLE_OBJC_WEAK = YES;
				CLANG_WARN_BLOCK_CAPTURE_AUTORELEASING = YES;
				CLANG_WARN_BOOL_CONVERSION = YES;
				CLANG_WARN_COMMA = YES;
				CLANG_WARN_CONSTANT_CONVERSION = YES;
				CLANG_WARN_DEPRECATED_OBJC_IMPLEMENTATIONS = YES;
				CLANG_WARN_DIRECT_OBJC_ISA_USAGE = YES_ERROR;
				CLANG_WARN_DOCUMENTATION_COMMENTS = YES;
				CLANG_WARN_EMPTY_BODY = YES;
				CLANG_WARN_ENUM_CONVERSION = YES;
				CLANG_WARN_INFINITE_RECURSION = YES;
				CLANG_WARN_INT_CONVERSION = YES;
				CLANG_WARN_NON_LITERAL_NULL_CONVERSION = YES;
				CLANG_WARN_OBJC_IMPLICIT_RETAIN_SELF = YES;
				CLANG_WARN_OBJC_LITERAL_CONVERSION = YES;
				CLANG_WARN_OBJC_ROOT_CLASS = YES_ERROR;
				CLANG_WARN_QUOTED_INCLUDE_IN_FRAMEWORK_HEADER = YES;
				CLANG_WARN_RANGE_LOOP_ANALYSIS = YES;
				CLANG_WARN_STRICT_PROTOTYPES = YES;
				CLANG_WARN_SUSPICIOUS_MOVE = YES;
				CLANG_WARN_UNGUARDED_AVAILABILITY = YES_AGGRESSIVE;
				CLANG_WARN_UNREACHABLE_CODE = YES;
				CLANG_WARN__DUPLICATE_METHOD_MATCH = YES;
				COPY_PHASE_STRIP = NO;
				DEBUG_INFORMATION_FORMAT = "dwarf-with-dsym";
				ENABLE_NS_ASSERTIONS = NO;
				ENABLE_STRICT_OBJC_MSGSEND = YES;
				GCC_C_LANGUAGE_STANDARD = gnu11;
				GCC_NO_COMMON_BLOCKS = YES;
				GCC_WARN_64_TO_32_BIT_CONVERSION = YES;
				GCC_WARN_ABOUT_RETURN_TYPE = YES_ERROR;
				GCC_WARN_UNDECLARED_SELECTOR = YES;
				GCC_WARN_UNINITIALIZED_AUTOS = YES_AGGRESSIVE;
				GCC_WARN_UNUSED_FUNCTION = YES;
				GCC_WARN_UNUSED_VARIABLE = YES;
				IPHONEOS_DEPLOYMENT_TARGET = 14.5;
				MTL_ENABLE_DEBUG_INFO = NO;
				MTL_FAST_MATH = YES;
				SDKROOT = iphoneos;
				SWIFT_COMPILATION_MODE = wholemodule;
				SWIFT_OPTIMIZATION_LEVEL = "-O";
				VALIDATE_PRODUCT = YES;
			};
			name = Release;
		};
		27E400E226D668E800C3226C /* Debug */ = {
			isa = XCBuildConfiguration;
			baseConfigurationReference = 29558B611F8BDA413E45BA72 /* Pods-OpusAudio.debug.xcconfig */;
			buildSettings = {
				ASSETCATALOG_COMPILER_APPICON_NAME = AppIcon;
				ASSETCATALOG_COMPILER_GLOBAL_ACCENT_COLOR_NAME = AccentColor;
				CLANG_ENABLE_MODULES = YES;
				CODE_SIGN_STYLE = Automatic;
				DEVELOPMENT_TEAM = 47LVS8UB5Q;
				INFOPLIST_FILE = OpusAudio/Info.plist;
				LD_RUNPATH_SEARCH_PATHS = (
					"$(inherited)",
					"@executable_path/Frameworks",
				);
				PRODUCT_BUNDLE_IDENTIFIER = net.premiersoft.lobo.OpusAudio;
				PRODUCT_NAME = "$(TARGET_NAME)";
				SWIFT_OBJC_BRIDGING_HEADER = "OpusAudio/OpusAudio-Bridging-Header.h";
				SWIFT_OPTIMIZATION_LEVEL = "-Onone";
				SWIFT_VERSION = 5.0;
				TARGETED_DEVICE_FAMILY = "1,2";
			};
			name = Debug;
		};
		27E400E326D668E800C3226C /* Release */ = {
			isa = XCBuildConfiguration;
			baseConfigurationReference = 923C5C915E228524DBBE9B5D /* Pods-OpusAudio.release.xcconfig */;
			buildSettings = {
				ASSETCATALOG_COMPILER_APPICON_NAME = AppIcon;
				ASSETCATALOG_COMPILER_GLOBAL_ACCENT_COLOR_NAME = AccentColor;
				CLANG_ENABLE_MODULES = YES;
				CODE_SIGN_STYLE = Automatic;
				DEVELOPMENT_TEAM = 47LVS8UB5Q;
				INFOPLIST_FILE = OpusAudio/Info.plist;
				LD_RUNPATH_SEARCH_PATHS = (
					"$(inherited)",
					"@executable_path/Frameworks",
				);
				PRODUCT_BUNDLE_IDENTIFIER = net.premiersoft.lobo.OpusAudio;
				PRODUCT_NAME = "$(TARGET_NAME)";
				SWIFT_OBJC_BRIDGING_HEADER = "OpusAudio/OpusAudio-Bridging-Header.h";
				SWIFT_VERSION = 5.0;
				TARGETED_DEVICE_FAMILY = "1,2";
			};
			name = Release;
		};
		27E400E526D668E800C3226C /* Debug */ = {
			isa = XCBuildConfiguration;
			baseConfigurationReference = AC80902D9A8B57AC56F90AC2 /* Pods-OpusAudioTests.debug.xcconfig */;
			buildSettings = {
				ALWAYS_EMBED_SWIFT_STANDARD_LIBRARIES = YES;
				BUNDLE_LOADER = "$(TEST_HOST)";
				CODE_SIGN_STYLE = Automatic;
				DEVELOPMENT_TEAM = 47LVS8UB5Q;
				INFOPLIST_FILE = OpusAudioTests/Info.plist;
				IPHONEOS_DEPLOYMENT_TARGET = 14.5;
				LD_RUNPATH_SEARCH_PATHS = (
					"$(inherited)",
					"@executable_path/Frameworks",
					"@loader_path/Frameworks",
				);
				PRODUCT_BUNDLE_IDENTIFIER = net.premiersoft.lobo.OpusAudioTests;
				PRODUCT_NAME = "$(TARGET_NAME)";
				SWIFT_VERSION = 5.0;
				TARGETED_DEVICE_FAMILY = "1,2";
				TEST_HOST = "$(BUILT_PRODUCTS_DIR)/OpusAudio.app/OpusAudio";
			};
			name = Debug;
		};
		27E400E626D668E800C3226C /* Release */ = {
			isa = XCBuildConfiguration;
			baseConfigurationReference = 24A3777A9B9251CC01BE811E /* Pods-OpusAudioTests.release.xcconfig */;
			buildSettings = {
				ALWAYS_EMBED_SWIFT_STANDARD_LIBRARIES = YES;
				BUNDLE_LOADER = "$(TEST_HOST)";
				CODE_SIGN_STYLE = Automatic;
				DEVELOPMENT_TEAM = 47LVS8UB5Q;
				INFOPLIST_FILE = OpusAudioTests/Info.plist;
				IPHONEOS_DEPLOYMENT_TARGET = 14.5;
				LD_RUNPATH_SEARCH_PATHS = (
					"$(inherited)",
					"@executable_path/Frameworks",
					"@loader_path/Frameworks",
				);
				PRODUCT_BUNDLE_IDENTIFIER = net.premiersoft.lobo.OpusAudioTests;
				PRODUCT_NAME = "$(TARGET_NAME)";
				SWIFT_VERSION = 5.0;
				TARGETED_DEVICE_FAMILY = "1,2";
				TEST_HOST = "$(BUILT_PRODUCTS_DIR)/OpusAudio.app/OpusAudio";
			};
			name = Release;
		};
		27E400E826D668E800C3226C /* Debug */ = {
			isa = XCBuildConfiguration;
			baseConfigurationReference = 5A9DF888E78303B077B8DFF6 /* Pods-OpusAudio-OpusAudioUITests.debug.xcconfig */;
			buildSettings = {
				ALWAYS_EMBED_SWIFT_STANDARD_LIBRARIES = YES;
				CODE_SIGN_STYLE = Automatic;
				DEVELOPMENT_TEAM = 47LVS8UB5Q;
				INFOPLIST_FILE = OpusAudioUITests/Info.plist;
				LD_RUNPATH_SEARCH_PATHS = (
					"$(inherited)",
					"@executable_path/Frameworks",
					"@loader_path/Frameworks",
				);
				PRODUCT_BUNDLE_IDENTIFIER = net.premiersoft.lobo.OpusAudioUITests;
				PRODUCT_NAME = "$(TARGET_NAME)";
				SWIFT_VERSION = 5.0;
				TARGETED_DEVICE_FAMILY = "1,2";
				TEST_TARGET_NAME = OpusAudio;
			};
			name = Debug;
		};
		27E400E926D668E800C3226C /* Release */ = {
			isa = XCBuildConfiguration;
			baseConfigurationReference = 54D917DFD34656607A3EB29C /* Pods-OpusAudio-OpusAudioUITests.release.xcconfig */;
			buildSettings = {
				ALWAYS_EMBED_SWIFT_STANDARD_LIBRARIES = YES;
				CODE_SIGN_STYLE = Automatic;
				DEVELOPMENT_TEAM = 47LVS8UB5Q;
				INFOPLIST_FILE = OpusAudioUITests/Info.plist;
				LD_RUNPATH_SEARCH_PATHS = (
					"$(inherited)",
					"@executable_path/Frameworks",
					"@loader_path/Frameworks",
				);
				PRODUCT_BUNDLE_IDENTIFIER = net.premiersoft.lobo.OpusAudioUITests;
				PRODUCT_NAME = "$(TARGET_NAME)";
				SWIFT_VERSION = 5.0;
				TARGETED_DEVICE_FAMILY = "1,2";
				TEST_TARGET_NAME = OpusAudio;
			};
			name = Release;
		};
/* End XCBuildConfiguration section */

/* Begin XCConfigurationList section */
		27E400B226D668E500C3226C /* Build configuration list for PBXProject "OpusAudio" */ = {
			isa = XCConfigurationList;
			buildConfigurations = (
				27E400DF26D668E800C3226C /* Debug */,
				27E400E026D668E800C3226C /* Release */,
			);
			defaultConfigurationIsVisible = 0;
			defaultConfigurationName = Release;
		};
		27E400E126D668E800C3226C /* Build configuration list for PBXNativeTarget "OpusAudio" */ = {
			isa = XCConfigurationList;
			buildConfigurations = (
				27E400E226D668E800C3226C /* Debug */,
				27E400E326D668E800C3226C /* Release */,
			);
			defaultConfigurationIsVisible = 0;
			defaultConfigurationName = Release;
		};
		27E400E426D668E800C3226C /* Build configuration list for PBXNativeTarget "OpusAudioTests" */ = {
			isa = XCConfigurationList;
			buildConfigurations = (
				27E400E526D668E800C3226C /* Debug */,
				27E400E626D668E800C3226C /* Release */,
			);
			defaultConfigurationIsVisible = 0;
			defaultConfigurationName = Release;
		};
		27E400E726D668E800C3226C /* Build configuration list for PBXNativeTarget "OpusAudioUITests" */ = {
			isa = XCConfigurationList;
			buildConfigurations = (
				27E400E826D668E800C3226C /* Debug */,
				27E400E926D668E800C3226C /* Release */,
			);
			defaultConfigurationIsVisible = 0;
			defaultConfigurationName = Release;
		};
/* End XCConfigurationList section */
	};
	rootObject = 27E400AF26D668E500C3226C /* Project object */;
}
